
Microsoft Visual Studio Solution File, Format Version 12.00
# Visual Studio Version 17
VisualStudioVersion = 17.14.36518.9
MinimumVisualStudioVersion = 10.0.40219.1
Project("{2150E333-8FDC-42A3-9474-1A3956D46DE8}") = "Projects", "Projects", "{02EA681E-C7D8-13C7-8484-4AC65E1B71E8}"
EndProject
Project("{FAE04EC0-301F-11D3-BF4B-00C04F79EFBC}") = "UniversityEnrollmentSystem", "Projects\UniversityEnrollmentSystem\UniversityEnrollmentSystem.csproj", "{60ED31ED-9BA0-4345-D863-0699F76128D1}"
EndProject
Project("{FAE04EC0-301F-11D3-BF4B-00C04F79EFBC}") = "UniversityEnrollmentSystem.Tests", "Projects\UniversityEnrollmentSystem.Tests\UniversityEnrollmentSystem.Tests.csproj", "{63D9B1BA-19D0-FBA9-C733-06A3109E58F6}"
EndProject
Global
	GlobalSection(SolutionConfigurationPlatforms) = preSolution
		Debug|Any CPU = Debug|Any CPU
		Release|Any CPU = Release|Any CPU
	EndGlobalSection
	GlobalSection(ProjectConfigurationPlatforms) = postSolution
		{60ED31ED-9BA0-4345-D863-0699F76128D1}.Debug|Any CPU.ActiveCfg = Debug|Any CPU
		{60ED31ED-9BA0-4345-D863-0699F76128D1}.Debug|Any CPU.Build.0 = Debug|Any CPU
		{60ED31ED-9BA0-4345-D863-0699F76128D1}.Release|Any CPU.ActiveCfg = Release|Any CPU
		{60ED31ED-9BA0-4345-D863-0699F76128D1}.Release|Any CPU.Build.0 = Release|Any CPU
		{63D9B1BA-19D0-FBA9-C733-06A3109E58F6}.Debug|Any CPU.ActiveCfg = Debug|Any CPU
		{63D9B1BA-19D0-FBA9-C733-06A3109E58F6}.Debug|Any CPU.Build.0 = Debug|Any CPU
		{63D9B1BA-19D0-FBA9-C733-06A3109E58F6}.Release|Any CPU.ActiveCfg = Release|Any CPU
		{63D9B1BA-19D0-FBA9-C733-06A3109E58F6}.Release|Any CPU.Build.0 = Release|Any CPU
	EndGlobalSection
	GlobalSection(SolutionProperties) = preSolution
		HideSolutionNode = FALSE
	EndGlobalSection
	GlobalSection(NestedProjects) = preSolution
		{60ED31ED-9BA0-4345-D863-0699F76128D1} = {02EA681E-C7D8-13C7-8484-4AC65E1B71E8}
		{63D9B1BA-19D0-FBA9-C733-06A3109E58F6} = {02EA681E-C7D8-13C7-8484-4AC65E1B71E8}
	EndGlobalSection
	GlobalSection(ExtensibilityGlobals) = postSolution
		SolutionGuid = {80CC5BB8-B988-4490-8023-9563B5DA4C0F}
	EndGlobalSection
EndGlobal
